# This file is automatically @generated by Cargo.
# It is not intended for manual editing.
version = 3

[[package]]
name = "os-app"
version = "0.1.0"
dependencies = [
 "pen-ffi",
]

[[package]]
name = "pen-ffi"
version = "0.3.1"
source = "registry+https://github.com/rust-lang/crates.io-index"
checksum = "88e4b0922b28f410568ffef5b8c1185ad9634ea4ad7f6c2ec93e366368f7a21a"
