github.com/cucumber/gherkin/go/v28 v28.0.0 h1:SBqwscPOhe83JF0ukpEj+4QZ2ScOpPQByC0gD3cXBkg=
github.com/cucumber/gherkin/go/v28 v28.0.0/go.mod h1:HVwDrzWvtsVbkxHw6KVZFA79x5uSLb+ajzS0BXuHiE8=
github.com/cucumber/gherkin/go/v42 v42.0.0 h1:Ulh3E2awUUSSja+wonP/IOQ+ycmiZwZbgmzqk5H8JNI=
github.com/cucumber/gherkin/go/v42 v42.0.0/go.mod h1:CsaumaO2dR9XvBc6ZyiGLMhWCKtTRDxgoxqJigSjSSg=
github.com/cucumber/godog v0.16.0 h1:ezQbgItuWqZrjPUQwLJ3muwIlvzXBOfZso5QZfG7efE=
github.com/cucumber/godog v0.16.0/go.mod h1:EDUX9yCqANK+GpbftMDeu61sUDtdLuo1JJgXD2n3bbM=
github.com/cucumber/messages/go/v24 v24.1.0 h1:JMpspvV3IoGwcbEUbsKuxr0tRkFP7aqcQ5SvoanS/DA=
github.com/cucumber/messages/go/v24 v24.1.0/go.mod h1:PR0+ygYqqyT1/C4EmioDdvgR8YG9+SZEkxEKw2jfd8g=
github.com/cucumber/messages/go/v34 v34.2.0 h1:VCbcNOMz+f8ccjjOOx1NLBNhwvE7/X49Atc8klJa+i8=
github.com/cucumber/messages/go/v34 v34.2.0/go.mod h1:LYUPjqlTS1kS0pdkdf6sS5uirnjwiIzEGyXPezXNhL8=
github.com/gkampitakis/ciinfo v0.3.4 h1:5eBSibVuSMbb/H6Elc0IIEFbkzCJi3lm94n0+U7Z0KY=
github.com/gkampitakis/ciinfo v0.3.4/go.mod h1:1NIwaOcFChN4fa/B0hEBdAb6npDlFL8Bwx4dfRLRqAo=
github.com/gkampitakis/go-snaps v0.5.23 h1:okh5QR48zpUjpWtu65AtqxdCY8huJq+dEDuUzd1PuKg=
github.com/gkampitakis/go-snaps v0.5.23/go.mod h1:uy3lVzCCRRsAwYqSocyw5fY8xRLCYEfqoOJNxr8HonM=
github.com/goccy/go-yaml v1.19.2 h1:PmFC1S6h8ljIz6gMRBopkjP1TVT7xuwrButHID66PoM=
github.com/goccy/go-yaml v1.19.2/go.mod h1:XBurs7gK8ATbW4ZPGKgcbrY1Br56PdM69F7LkFRi1kA=
github.com/gofrs/uuid v4.4.0+incompatible h1:3qXRTX8/NbyulANqlc0lchS1gqAVxRgsuW1YrTJupqA=
github.com/gofrs/uuid v4.4.0+incompatible/go.mod h1:b2aQJv3Z4Fp6yNu3cdSllBxTCLRxnplIgP/c0N/04lM=
github.com/google/uuid v1.6.0 h1:NIvaJDMOsjHA8n1jAhLSgzrAzy1Hgr+hNrb57e+94F0=
github.com/google/uuid v1.6.0/go.mod h1:TIyPZe4MgqvfeYDBFedMoGGpEw/LqOeaOT+nhxU+yHo=
github.com/hashicorp/go-immutable-radix v1.3.1 h1:DKHmCUm2hRBK510BaiZlwvpD40f8bJFeZnpfm2KLowc=
github.com/hashicorp/go-immutable-radix v1.3.1/go.mod h1:0y9vanUI8NX6FsYoO3zeMjhV/C5i9g4Q3DwcSNZ4P60=
github.com/hashicorp/go-memdb v1.3.5 h1:b3taDMxCBCBVgyRrS1AZVHO14ubMYZB++QpNhBg+Nyo=
github.com/hashicorp/go-memdb v1.3.5/go.mod h1:8IVKKBkVe+fxFgdFOYxzQQNjz+sWCyHCdIC/+5+Vy1Y=
github.com/hashicorp/go-uuid v1.0.0/go.mod h1:6SBZvOh/SIDV7/2o3Jml5SYk/TvGqwFJ/bN7x4byOro=
github.com/hashicorp/go-uuid v1.0.2 h1:cfejS+Tpcp13yd5nYHWDI6qVCny6wyX2Mt5SGur2IGE=
github.com/hashicorp/go-uuid v1.0.2/go.mod h1:6SBZvOh/SIDV7/2o3Jml5SYk/TvGqwFJ/bN7x4byOro=
github.com/hashicorp/golang-lru v0.5.0/go.mod h1:/m3WP610KZHVQ1SGc6re/UDhFvYD7pJ4Ao+sR/qLZy8=
github.com/hashicorp/golang-lru v0.5.4 h1:YDjusn29QI/Das2iO9M0BHnIbxPeyuCHsjMW+lJfyTc=
github.com/hashicorp/golang-lru v0.5.4/go.mod h1:iADmTwqILo4mZ8BN3D2Q6+9jd8WM5uGBxy+E8yxSoD4=
github.com/kballard/go-shellquote v0.0.0-20180428030007-95032a82bc51 h1:Z9n2FFNUXsshfwJMBgNA0RU6/i7WVaAegv3PtuIHPMs=
github.com/kballard/go-shellquote v0.0.0-20180428030007-95032a82bc51/go.mod h1:CzGEWj7cYgsdH8dAjBGEr58BoE7ScuLd+fwFZ44+/x8=
github.com/kr/pretty v0.3.1 h1:flRD4NNwYAUpkphVc1HcthR4KEIFJ65n8Mw5qdRn3LE=
github.com/kr/pretty v0.3.1/go.mod h1:hoEshYVHaxMs3cyo3Yncou5ZscifuDolrwPKZanG3xk=
github.com/kr/text v0.2.0 h1:5Nx0Ya0ZqY2ygV366QzturHI13Jq95ApcVaJBhpS+AY=
github.com/kr/text v0.2.0/go.mod h1:eLer722TekiGuMkidMxC/pM04lWEeraHUUmBw8l2grE=
github.com/maruel/natural v1.3.0 h1:VsmCsBmEyrR46RomtgHs5hbKADGRVtliHTyCOLFBpsg=
github.com/maruel/natural v1.3.0/go.mod h1:v+Rfd79xlw1AgVBjbO0BEQmptqb5HvL/k9GRHB7ZKEg=
github.com/raviqqe/aruba-go v0.1.11 h1:yYyTftFn4xYATblbMUayrKge8TPZL2YNar9h0LVauQI=
github.com/raviqqe/aruba-go v0.1.11/go.mod h1:/Aw6wQWA0JYlgK5Gl+ruS8eHgHBI3dsGNvW9mFueGzQ=
github.com/raviqqe/gherkin2markdown v0.1.0 h1:mZmjlaMN744h+833pdwwNRVeinSeNxLfbrUmzsIDyQE=
github.com/raviqqe/gherkin2markdown v0.1.0/go.mod h1:ndObJp1BYXuEnyyRgXrNVDQ/o0k+5BoNPSn6ZtrlrB4=
github.com/rogpeppe/go-internal v1.13.1 h1:KvO1DLK/DRN07sQ1LQKScxyZJuNnedQ5/wKSR38lUII=
github.com/rogpeppe/go-internal v1.13.1/go.mod h1:uMEvuHeurkdAXX61udpOXGD/AzZDWNMNyH2VO9fmH0o=
github.com/sergi/go-diff v1.4.0 h1:n/SP9D5ad1fORl+llWyN+D6qoUETXNZARKjyY2/KVCw=
github.com/sergi/go-diff v1.4.0/go.mod h1:A0bzQcvG0E7Rwjx0REVgAGH58e96+X0MeOfepqsbeW4=
github.com/spf13/pflag v1.0.10 h1:4EBh2KAYBwaONj6b2Ye1GiHfwjqyROoF4RwYO+vPwFk=
github.com/spf13/pflag v1.0.10/go.mod h1:McXfInJRrz4CZXVZOBLb0bTZqETkiAhM9Iw0y3An2Bg=
github.com/stretchr/testify v1.12.1 h1:EuwCh5fleGS7H32xRwO3wRGT7DxrDhLAT6FF8MpWDWE=
github.com/stretchr/testify v1.12.1/go.mod h1:MDEgiDPPsNp5cuIrHPPCyornHKgEVbtFUmoNlxoYthg=
github.com/tidwall/gjson v1.19.0 h1:xwxm7n691Uf3u5OFjzngavjGTh55KX5q/9w9xHW88JU=
github.com/tidwall/gjson v1.19.0/go.mod h1:V37/opeE/JbLUOfH0QTXiNez2l0RUjYUhpT4szFQAfc=
github.com/tidwall/match v1.1.1 h1:+Ho715JplO36QYgwN9PGYNhgZvoUSc9X2c80KVTi+GA=
github.com/tidwall/match v1.1.1/go.mod h1:eRSPERbgtNPcGhD8UCthc6PmLEQXEWd3PRB5JTxsfmM=
github.com/tidwall/pretty v1.2.1 h1:qjsOFOWWQl+N3RsoF5/ssm1pHmJJwhjlSbZ51I6wMl4=
github.com/tidwall/pretty v1.2.1/go.mod h1:ITEVvHYasfjBbM0u2Pg8T2nJnzm8xPwvNhhsoaGGjNU=
github.com/tidwall/sjson v1.2.5 h1:kLy8mja+1c9jlljvWTlSazM7cKDRfJuR/bOJhcY5NcY=
github.com/tidwall/sjson v1.2.5/go.mod h1:Fvgq9kS/6ociJEDnK0Fk1cpYF4FIW6ZF7LAe+6jwd28=
github.com/willf/pad v0.0.0-20200313202418-172aa767f2a4 h1:Y+IMUhhlO9FLTZpNrUAMWOr7Lh0tHDKu0nrDVhp6A7o=
github.com/willf/pad v0.0.0-20200313202418-172aa767f2a4/go.mod h1:+pVHwmjc9CH7ugBFxESIwQkXkVj0gUj4cFp63TLwP1Y=
go.yaml.in/yaml/v3 v3.0.5 h1:N6y/pJk8buWs9NY5ERU2HSMfm+IuD/OtfdAnq6kESPw=
go.yaml.in/yaml/v3 v3.0.5/go.mod h1:HVTZu1O7/Vkt2N+BFy8Zza+lnLsABggaTM2ZpNIGuKg=
