github.com/cucumber/gherkin-go v5.1.0+incompatible h1:RCvyVI6KQLI2IJkijZBeJcE4K3U7DnhQ1RjD7VV+AIk=
github.com/cucumber/gherkin-go v5.1.0+incompatible/go.mod h1:bYJ65F+CDEAL70FXAu7/ef4ayC/NhRXO8zEW3IB21w0=
github.com/davecgh/go-spew v1.1.0/go.mod h1:J7Y8YcW2NihsgmVo/mv3lAwl/skON4iLHjSsI+c5H38=
github.com/docopt/docopt-go v0.0.0-20180111231733-ee0de3bc6815 h1:bWDMxwH3px2JBh6AyO7hdCn/PkvCZXii8TGj7sbtEbQ=
github.com/docopt/docopt-go v0.0.0-20180111231733-ee0de3bc6815/go.mod h1:WwZ+bS3ebgob9U8Nd0kOddGdZWjyMGR8Wziv+TBNwSE=
github.com/pmezard/go-difflib v1.0.0/go.mod h1:iKH77koFhYxTK1pcRnkKkqfTogsbg7gZNVY4sRDYZ/4=
github.com/raviqqe/gherkin2markdown v0.0.0-20210719155857-e67d7070d01c h1:oPpilw3zwViiffDgDWcA4nKdfiSTC22TLqRcJZNGgqU=
github.com/raviqqe/gherkin2markdown v0.0.0-20210719155857-e67d7070d01c/go.mod h1:wABwkm4MYdyFNenLnkFWFS6rcKf06IjqGS4AcarSj04=
github.com/raviqqe/gherkin2markdown v0.0.0-20210720005402-04d498e21684 h1:SyjUPIL+bnVBhSmfB4WamgLdXJoLlTLV54trZrUjCls=
github.com/raviqqe/gherkin2markdown v0.0.0-20210720005402-04d498e21684/go.mod h1:wABwkm4MYdyFNenLnkFWFS6rcKf06IjqGS4AcarSj04=
github.com/stretchr/objx v0.1.0/go.mod h1:HFkY916IF+rwdDfMAkV7OtwuqBVzrE8GR6GFx+wExME=
github.com/stretchr/testify v1.7.0/go.mod h1:6Fq8oRcR53rry900zMqJjRRixrwX3KX962/h/Wwjteg=
github.com/willf/pad v0.0.0-20200313202418-172aa767f2a4 h1:Y+IMUhhlO9FLTZpNrUAMWOr7Lh0tHDKu0nrDVhp6A7o=
github.com/willf/pad v0.0.0-20200313202418-172aa767f2a4/go.mod h1:+pVHwmjc9CH7ugBFxESIwQkXkVj0gUj4cFp63TLwP1Y=
gopkg.in/check.v1 v0.0.0-20161208181325-20d25e280405/go.mod h1:Co6ibVJAznAaIkqp8huTwlJQCZ016jof/cbN4VW5Yz0=
gopkg.in/yaml.v3 v3.0.0-20200313102051-9f266ea9e77c/go.mod h1:K4uyk7z7BCEPqu6E+C64Yfv1cQ7kz7rIZviUmN+EgEM=
