# This file is automatically @generated by Cargo.
# It is not intended for manual editing.
[[package]]
name = "byte-ffi"
version = "0.6.0"
source = "registry+https://github.com/rust-lang/crates.io-index"
checksum = "6a3b3bd6a8c3cddb8adc279b239744c6b6fb0840baf06513eef980a31f777da5"

[[package]]
name = "os"
version = "0.1.0"
dependencies = [
 "byte-ffi",
]
