# This file is automatically @generated by Cargo.
# It is not intended for manual editing.
version = 3

[[package]]
name = "pen-ffi"
version = "0.3.6"
source = "registry+https://github.com/rust-lang/crates.io-index"
checksum = "f67a1e7db1904dc9a317eb7fe15b320f4bbefd783d0e14833f2ec7364cda49d8"

[[package]]
name = "test"
version = "0.1.0"
dependencies = [
 "pen-ffi",
]
