# This file is automatically @generated by Cargo.
# It is not intended for manual editing.
version = 3

[[package]]
name = "pen-ffi"
version = "0.2.6"
source = "registry+https://github.com/rust-lang/crates.io-index"
checksum = "1295e8885b3f12de6e6462eff2450c30744ff5ef7978be255f50a5f5b5a94f72"

[[package]]
name = "test"
version = "0.1.0"
dependencies = [
 "pen-ffi",
]
