{
  "name": "doc",
  "lockfileVersion": 2,
  "requires": true,
  "packages": {
    "": {
      "dependencies": {
        "@highlightjs/cdn-assets": "^11.7.0"
      }
    },
    "node_modules/@highlightjs/cdn-assets": {
      "version": "11.7.0",
      "resolved": "https://registry.npmjs.org/@highlightjs/cdn-assets/-/cdn-assets-11.7.0.tgz",
      "integrity": "sha512-FNBhxhkI18qDA+SbUc6560d8N20WWBdUjalTKeZExV4eQaPAreEXQILj8QpAuBWJMUC4pD0/MzdEyI3+urJlSQ==",
      "engines": {
        "node": ">=12.0.0"
      }
    }
  },
  "dependencies": {
    "@highlightjs/cdn-assets": {
      "version": "11.7.0",
      "resolved": "https://registry.npmjs.org/@highlightjs/cdn-assets/-/cdn-assets-11.7.0.tgz",
      "integrity": "sha512-FNBhxhkI18qDA+SbUc6560d8N20WWBdUjalTKeZExV4eQaPAreEXQILj8QpAuBWJMUC4pD0/MzdEyI3+urJlSQ=="
    }
  }
}
