lockfileVersion: '9.0'

settings:
  autoInstallPeers: true
  excludeLinksFromLockfile: false

importers:

  .:
    dependencies:
      '@highlightjs/cdn-assets':
        specifier: ^11.11.2
        version: 11.11.2

packages:

  '@highlightjs/cdn-assets@11.11.2':
    resolution: {integrity: sha512-0EbO6W7VFmYujj6XIqW0Lp3Hngkm6KSJufX4M+sN8qmuqGayWtLo3TY7yJxR23FLzDSBeTgWHIN0rHD49BUF+w==}
    engines: {node: '>=12.0.0'}

snapshots:

  '@highlightjs/cdn-assets@11.11.2': {}
