lockfileVersion: '9.0'

settings:
  autoInstallPeers: true
  excludeLinksFromLockfile: false

importers:

  .:
    dependencies:
      '@highlightjs/cdn-assets':
        specifier: ^11.12.0
        version: 11.12.0

packages:

  '@highlightjs/cdn-assets@11.12.0':
    resolution: {integrity: sha512-KvOKXODaiFmId9xaq3xc5xCL66wVLUuOngDbO9B/kewbFTqdGbn2nJxNhN3H5R1cgDTVj6R8vH0zgiNDEGjpDw==}
    engines: {node: '>=12.0.0'}

snapshots:

  '@highlightjs/cdn-assets@11.12.0': {}
